
Microsoft Visual Studio Solution File, Format Version 12.00
# Visual Studio Version 16
VisualStudioVersion = 16.0.30011.22
MinimumVisualStudioVersion = 10.0.40219.1
Project("{FAE04EC0-301F-11D3-BF4B-00C04F79EFBC}") = "At_yarisi", "At_yarisi\At_yarisi.csproj", "{3482C96D-A4D9-468C-8DFE-3BCF632AA885}"
EndProject
Global
	GlobalSection(SolutionConfigurationPlatforms) = preSolution
		Debug|Any CPU = Debug|Any CPU
		Release|Any CPU = Release|Any CPU
	EndGlobalSection
	GlobalSection(ProjectConfigurationPlatforms) = postSolution
		{3482C96D-A4D9-468C-8DFE-3BCF632AA885}.Debug|Any CPU.ActiveCfg = Debug|Any CPU
		{3482C96D-A4D9-468C-8DFE-3BCF632AA885}.Debug|Any CPU.Build.0 = Debug|Any CPU
		{3482C96D-A4D9-468C-8DFE-3BCF632AA885}.Release|Any CPU.ActiveCfg = Release|Any CPU
		{3482C96D-A4D9-468C-8DFE-3BCF632AA885}.Release|Any CPU.Build.0 = Release|Any CPU
	EndGlobalSection
	GlobalSection(SolutionProperties) = preSolution
		HideSolutionNode = FALSE
	EndGlobalSection
	GlobalSection(ExtensibilityGlobals) = postSolution
		SolutionGuid = {8DFC63EA-4052-431C-AE90-74C7A99E5E3D}
	EndGlobalSection
EndGlobal
